// !$*UTF8*$!
{
	archiveVersion = 1;
	classes = {
	};
	objectVersion = 77;
	objects = {

/* Begin PBXBuildFile section */
		492642762CCC8A9C00C6161C /* README.md in Resources */ = {isa = PBXBuildFile; fileRef = 492642752CCC8A9400C6161C /* README.md */; };
		492642782CCC8C9100C6161C /* TODO.gitignored.md in Resources */ = {isa = PBXBuildFile; fileRef = 492642772CCC8C8800C6161C /* TODO.gitignored.md */; };
		4991E77A2CD426EA008A0E03 /* WidgetKit.framework in Frameworks */ = {isa = PBXBuildFile; fileRef = 49F3643F2CD1E4F200BF7104 /* WidgetKit.framework */; };
		4991E77B2CD426EA008A0E03 /* SwiftUI.framework in Frameworks */ = {isa = PBXBuildFile; fileRef = 49F364412CD1E4F200BF7104 /* SwiftUI.framework */; };
		4991E7862CD426EB008A0E03 /* WidgetsExtension.appex in Embed Foundation Extensions */ = {isa = PBXBuildFile; fileRef = 4991E7792CD426EA008A0E03 /* WidgetsExtension.appex */; settings = {ATTRIBUTES = (RemoveHeadersOnCopy, ); }; };
		49F364382CD1762C00BF7104 /* .editorconfig in Resources */ = {isa = PBXBuildFile; fileRef = 49F364372CD1762C00BF7104 /* .editorconfig */; };
/* End PBXBuildFile section */

/* Begin PBXContainerItemProxy section */
		492642452CCC202C00C6161C /* PBXContainerItemProxy */ = {
			isa = PBXContainerItemProxy;
			containerPortal = 4926422A2CCC202B00C6161C /* Project object */;
			proxyType = 1;
			remoteGlobalIDString = 492642312CCC202B00C6161C;
			remoteInfo = WellyBus;
		};
		4926424F2CCC202C00C6161C /* PBXContainerItemProxy */ = {
			isa = PBXContainerItemProxy;
			containerPortal = 4926422A2CCC202B00C6161C /* Project object */;
			proxyType = 1;
			remoteGlobalIDString = 492642312CCC202B00C6161C;
			remoteInfo = WellyBus;
		};
		4991E7842CD426EB008A0E03 /* PBXContainerItemProxy */ = {
			isa = PBXContainerItemProxy;
			containerPortal = 4926422A2CCC202B00C6161C /* Project object */;
			proxyType = 1;
			remoteGlobalIDString = 4991E7782CD426EA008A0E03;
			remoteInfo = WidgetsExtension;
		};
/* End PBXContainerItemProxy section */

/* Begin PBXCopyFilesBuildPhase section */
		49F364542CD1E4F300BF7104 /* Embed Foundation Extensions */ = {
			isa = PBXCopyFilesBuildPhase;
			buildActionMask = 2147483647;
			dstPath = "";
			dstSubfolderSpec = 13;
			files = (
				4991E7862CD426EB008A0E03 /* WidgetsExtension.appex in Embed Foundation Extensions */,
			);
			name = "Embed Foundation Extensions";
			runOnlyForDeploymentPostprocessing = 0;
		};
/* End PBXCopyFilesBuildPhase section */

/* Begin PBXFileReference section */
		492642322CCC202B00C6161C /* WellyBus.app */ = {isa = PBXFileReference; explicitFileType = wrapper.application; includeInIndex = 0; path = WellyBus.app; sourceTree = BUILT_PRODUCTS_DIR; };
		492642442CCC202C00C6161C /* WellyBusTests.xctest */ = {isa = PBXFileReference; explicitFileType = wrapper.cfbundle; includeInIndex = 0; path = WellyBusTests.xctest; sourceTree = BUILT_PRODUCTS_DIR; };
		4926424E2CCC202C00C6161C /* WellyBusUITests.xctest */ = {isa = PBXFileReference; explicitFileType = wrapper.cfbundle; includeInIndex = 0; path = WellyBusUITests.xctest; sourceTree = BUILT_PRODUCTS_DIR; };
		492642752CCC8A9400C6161C /* README.md */ = {isa = PBXFileReference; lastKnownFileType = net.daringfireball.markdown; path = README.md; sourceTree = "<group>"; xcLanguageSpecificationIdentifier = xcode.lang.markdown; };
		492642772CCC8C8800C6161C /* TODO.gitignored.md */ = {isa = PBXFileReference; lastKnownFileType = net.daringfireball.markdown; path = TODO.gitignored.md; sourceTree = "<group>"; xcLanguageSpecificationIdentifier = xcode.lang.markdown; };
		492642B12CCD812000C6161C /* WellyBus.xctestplan */ = {isa = PBXFileReference; lastKnownFileType = text; path = WellyBus.xctestplan; sourceTree = "<group>"; };
		4991E7792CD426EA008A0E03 /* WidgetsExtension.appex */ = {isa = PBXFileReference; explicitFileType = "wrapper.app-extension"; includeInIndex = 0; path = WidgetsExtension.appex; sourceTree = BUILT_PRODUCTS_DIR; };
		49F364372CD1762C00BF7104 /* .editorconfig */ = {isa = PBXFileReference; lastKnownFileType = text; path = .editorconfig; sourceTree = "<group>"; };
		49F3643F2CD1E4F200BF7104 /* WidgetKit.framework */ = {isa = PBXFileReference; lastKnownFileType = wrapper.framework; name = WidgetKit.framework; path = System/Library/Frameworks/WidgetKit.framework; sourceTree = SDKROOT; };
		49F364412CD1E4F200BF7104 /* SwiftUI.framework */ = {isa = PBXFileReference; lastKnownFileType = wrapper.framework; name = SwiftUI.framework; path = System/Library/Frameworks/SwiftUI.framework; sourceTree = SDKROOT; };
/* End PBXFileReference section */

/* Begin PBXFileSystemSynchronizedBuildFileExceptionSet section */
		4991E7872CD426EB008A0E03 /* Exceptions for "Widgets" folder in "WidgetsExtension" target */ = {
			isa = PBXFileSystemSynchronizedBuildFileExceptionSet;
			membershipExceptions = (
				Info.plist,
			);
			target = 4991E7782CD426EA008A0E03 /* WidgetsExtension */;
		};
/* End PBXFileSystemSynchronizedBuildFileExceptionSet section */

/* Begin PBXFileSystemSynchronizedRootGroup section */
		492642342CCC202B00C6161C /* App */ = {
			isa = PBXFileSystemSynchronizedRootGroup;
			path = App;
			sourceTree = "<group>";
		};
		492642472CCC202C00C6161C /* Tests */ = {
			isa = PBXFileSystemSynchronizedRootGroup;
			path = Tests;
			sourceTree = "<group>";
		};
		492642512CCC202C00C6161C /* UITests */ = {
			isa = PBXFileSystemSynchronizedRootGroup;
			path = UITests;
			sourceTree = "<group>";
		};
		4991E77C2CD426EA008A0E03 /* Widgets */ = {
			isa = PBXFileSystemSynchronizedRootGroup;
			exceptions = (
				4991E7872CD426EB008A0E03 /* Exceptions for "Widgets" folder in "WidgetsExtension" target */,
			);
			path = Widgets;
			sourceTree = "<group>";
		};
		4991E7922CD43012008A0E03 /* Core */ = {
			isa = PBXFileSystemSynchronizedRootGroup;
			path = Core;
			sourceTree = "<group>";
		};
		4991E7A22CD43105008A0E03 /* Docs */ = {
			isa = PBXFileSystemSynchronizedRootGroup;
			path = Docs;
			sourceTree = "<group>";
		};
		49F364362CD1722900BF7104 /* Scripts */ = {
			isa = PBXFileSystemSynchronizedRootGroup;
			path = Scripts;
			sourceTree = "<group>";
		};
/* End PBXFileSystemSynchronizedRootGroup section */

/* Begin PBXFrameworksBuildPhase section */
		4926422F2CCC202B00C6161C /* Frameworks */ = {
			isa = PBXFrameworksBuildPhase;
			buildActionMask = 2147483647;
			files = (
			);
			runOnlyForDeploymentPostprocessing = 0;
		};
		492642412CCC202C00C6161C /* Frameworks */ = {
			isa = PBXFrameworksBuildPhase;
			buildActionMask = 2147483647;
			files = (
			);
			runOnlyForDeploymentPostprocessing = 0;
		};
		4926424B2CCC202C00C6161C /* Frameworks */ = {
			isa = PBXFrameworksBuildPhase;
			buildActionMask = 2147483647;
			files = (
			);
			runOnlyForDeploymentPostprocessing = 0;
		};
		4991E7762CD426EA008A0E03 /* Frameworks */ = {
			isa = PBXFrameworksBuildPhase;
			buildActionMask = 2147483647;
			files = (
				4991E77B2CD426EA008A0E03 /* SwiftUI.framework in Frameworks */,
				4991E77A2CD426EA008A0E03 /* WidgetKit.framework in Frameworks */,
			);
			runOnlyForDeploymentPostprocessing = 0;
		};
/* End PBXFrameworksBuildPhase section */

/* Begin PBXGroup section */
		492642292CCC202B00C6161C = {
			isa = PBXGroup;
			children = (
				49F364372CD1762C00BF7104 /* .editorconfig */,
				492642B12CCD812000C6161C /* WellyBus.xctestplan */,
				492642752CCC8A9400C6161C /* README.md */,
				492642772CCC8C8800C6161C /* TODO.gitignored.md */,
				49F364362CD1722900BF7104 /* Scripts */,
				4991E7922CD43012008A0E03 /* Core */,
				492642342CCC202B00C6161C /* App */,
				4991E77C2CD426EA008A0E03 /* Widgets */,
				492642472CCC202C00C6161C /* Tests */,
				492642512CCC202C00C6161C /* UITests */,
				4991E7A22CD43105008A0E03 /* Docs */,
				49F3643E2CD1E4F200BF7104 /* Frameworks */,
				492642332CCC202B00C6161C /* Products */,
			);
			sourceTree = "<group>";
		};
		492642332CCC202B00C6161C /* Products */ = {
			isa = PBXGroup;
			children = (
				492642322CCC202B00C6161C /* WellyBus.app */,
				492642442CCC202C00C6161C /* WellyBusTests.xctest */,
				4926424E2CCC202C00C6161C /* WellyBusUITests.xctest */,
				4991E7792CD426EA008A0E03 /* WidgetsExtension.appex */,
			);
			name = Products;
			sourceTree = "<group>";
		};
		49F3643E2CD1E4F200BF7104 /* Frameworks */ = {
			isa = PBXGroup;
			children = (
				49F3643F2CD1E4F200BF7104 /* WidgetKit.framework */,
				49F364412CD1E4F200BF7104 /* SwiftUI.framework */,
			);
			name = Frameworks;
			sourceTree = "<group>";
		};
/* End PBXGroup section */

/* Begin PBXNativeTarget section */
		492642312CCC202B00C6161C /* WellyBus */ = {
			isa = PBXNativeTarget;
			buildConfigurationList = 492642582CCC202C00C6161C /* Build configuration list for PBXNativeTarget "WellyBus" */;
			buildPhases = (
				4926422E2CCC202B00C6161C /* Sources */,
				4926422F2CCC202B00C6161C /* Frameworks */,
				492642302CCC202B00C6161C /* Resources */,
				49F364542CD1E4F300BF7104 /* Embed Foundation Extensions */,
			);
			buildRules = (
			);
			dependencies = (
				4991E7852CD426EB008A0E03 /* PBXTargetDependency */,
			);
			fileSystemSynchronizedGroups = (
				492642342CCC202B00C6161C /* App */,
				4991E7922CD43012008A0E03 /* Core */,
				4991E7A22CD43105008A0E03 /* Docs */,
			);
			name = WellyBus;
			packageProductDependencies = (
			);
			productName = WellyBus;
			productReference = 492642322CCC202B00C6161C /* WellyBus.app */;
			productType = "com.apple.product-type.application";
		};
		492642432CCC202C00C6161C /* WellyBusTests */ = {
			isa = PBXNativeTarget;
			buildConfigurationList = 4926425B2CCC202C00C6161C /* Build configuration list for PBXNativeTarget "WellyBusTests" */;
			buildPhases = (
				492642402CCC202C00C6161C /* Sources */,
				492642412CCC202C00C6161C /* Frameworks */,
				492642422CCC202C00C6161C /* Resources */,
			);
			buildRules = (
			);
			dependencies = (
				492642462CCC202C00C6161C /* PBXTargetDependency */,
			);
			fileSystemSynchronizedGroups = (
				492642472CCC202C00C6161C /* Tests */,
			);
			name = WellyBusTests;
			packageProductDependencies = (
			);
			productName = WellyBusTests;
			productReference = 492642442CCC202C00C6161C /* WellyBusTests.xctest */;
			productType = "com.apple.product-type.bundle.unit-test";
		};
		4926424D2CCC202C00C6161C /* WellyBusUITests */ = {
			isa = PBXNativeTarget;
			buildConfigurationList = 4926425E2CCC202C00C6161C /* Build configuration list for PBXNativeTarget "WellyBusUITests" */;
			buildPhases = (
				4926424A2CCC202C00C6161C /* Sources */,
				4926424B2CCC202C00C6161C /* Frameworks */,
				4926424C2CCC202C00C6161C /* Resources */,
			);
			buildRules = (
			);
			dependencies = (
				492642502CCC202C00C6161C /* PBXTargetDependency */,
			);
			fileSystemSynchronizedGroups = (
				492642512CCC202C00C6161C /* UITests */,
			);
			name = WellyBusUITests;
			packageProductDependencies = (
			);
			productName = WellyBusUITests;
			productReference = 4926424E2CCC202C00C6161C /* WellyBusUITests.xctest */;
			productType = "com.apple.product-type.bundle.ui-testing";
		};
		4991E7782CD426EA008A0E03 /* WidgetsExtension */ = {
			isa = PBXNativeTarget;
			buildConfigurationList = 4991E7882CD426EB008A0E03 /* Build configuration list for PBXNativeTarget "WidgetsExtension" */;
			buildPhases = (
				4991E7752CD426EA008A0E03 /* Sources */,
				4991E7762CD426EA008A0E03 /* Frameworks */,
				4991E7772CD426EA008A0E03 /* Resources */,
			);
			buildRules = (
			);
			dependencies = (
			);
			fileSystemSynchronizedGroups = (
				4991E77C2CD426EA008A0E03 /* Widgets */,
				4991E7922CD43012008A0E03 /* Core */,
				4991E7A22CD43105008A0E03 /* Docs */,
			);
			name = WidgetsExtension;
			packageProductDependencies = (
			);
			productName = WidgetsExtension;
			productReference = 4991E7792CD426EA008A0E03 /* WidgetsExtension.appex */;
			productType = "com.apple.product-type.app-extension";
		};
/* End PBXNativeTarget section */

/* Begin PBXProject section */
		4926422A2CCC202B00C6161C /* Project object */ = {
			isa = PBXProject;
			attributes = {
				BuildIndependentTargetsInParallel = 1;
				LastSwiftUpdateCheck = 1610;
				LastUpgradeCheck = 1600;
				TargetAttributes = {
					492642312CCC202B00C6161C = {
						CreatedOnToolsVersion = 16.0;
					};
					492642432CCC202C00C6161C = {
						CreatedOnToolsVersion = 16.0;
						TestTargetID = 492642312CCC202B00C6161C;
					};
					4926424D2CCC202C00C6161C = {
						CreatedOnToolsVersion = 16.0;
						TestTargetID = 492642312CCC202B00C6161C;
					};
					4991E7782CD426EA008A0E03 = {
						CreatedOnToolsVersion = 16.1;
					};
				};
			};
			buildConfigurationList = 4926422D2CCC202B00C6161C /* Build configuration list for PBXProject "WellyBus" */;
			developmentRegion = en;
			hasScannedForEncodings = 0;
			knownRegions = (
				en,
				Base,
			);
			mainGroup = 492642292CCC202B00C6161C;
			minimizedProjectReferenceProxies = 1;
			packageReferences = (
			);
			preferredProjectObjectVersion = 77;
			productRefGroup = 492642332CCC202B00C6161C /* Products */;
			projectDirPath = "";
			projectRoot = "";
			targets = (
				492642312CCC202B00C6161C /* WellyBus */,
				492642432CCC202C00C6161C /* WellyBusTests */,
				4926424D2CCC202C00C6161C /* WellyBusUITests */,
				4991E7782CD426EA008A0E03 /* WidgetsExtension */,
			);
		};
/* End PBXProject section */

/* Begin PBXResourcesBuildPhase section */
		492642302CCC202B00C6161C /* Resources */ = {
			isa = PBXResourcesBuildPhase;
			buildActionMask = 2147483647;
			files = (
				49F364382CD1762C00BF7104 /* .editorconfig in Resources */,
				492642782CCC8C9100C6161C /* TODO.gitignored.md in Resources */,
				492642762CCC8A9C00C6161C /* README.md in Resources */,
			);
			runOnlyForDeploymentPostprocessing = 0;
		};
		492642422CCC202C00C6161C /* Resources */ = {
			isa = PBXResourcesBuildPhase;
			buildActionMask = 2147483647;
			files = (
			);
			runOnlyForDeploymentPostprocessing = 0;
		};
		4926424C2CCC202C00C6161C /* Resources */ = {
			isa = PBXResourcesBuildPhase;
			buildActionMask = 2147483647;
			files = (
			);
			runOnlyForDeploymentPostprocessing = 0;
		};
		4991E7772CD426EA008A0E03 /* Resources */ = {
			isa = PBXResourcesBuildPhase;
			buildActionMask = 2147483647;
			files = (
			);
			runOnlyForDeploymentPostprocessing = 0;
		};
/* End PBXResourcesBuildPhase section */

/* Begin PBXSourcesBuildPhase section */
		4926422E2CCC202B00C6161C /* Sources */ = {
			isa = PBXSourcesBuildPhase;
			buildActionMask = 2147483647;
			files = (
			);
			runOnlyForDeploymentPostprocessing = 0;
		};
		492642402CCC202C00C6161C /* Sources */ = {
			isa = PBXSourcesBuildPhase;
			buildActionMask = 2147483647;
			files = (
			);
			runOnlyForDeploymentPostprocessing = 0;
		};
		4926424A2CCC202C00C6161C /* Sources */ = {
			isa = PBXSourcesBuildPhase;
			buildActionMask = 2147483647;
			files = (
			);
			runOnlyForDeploymentPostprocessing = 0;
		};
		4991E7752CD426EA008A0E03 /* Sources */ = {
			isa = PBXSourcesBuildPhase;
			buildActionMask = 2147483647;
			files = (
			);
			runOnlyForDeploymentPostprocessing = 0;
		};
/* End PBXSourcesBuildPhase section */

/* Begin PBXTargetDependency section */
		492642462CCC202C00C6161C /* PBXTargetDependency */ = {
			isa = PBXTargetDependency;
			target = 492642312CCC202B00C6161C /* WellyBus */;
			targetProxy = 492642452CCC202C00C6161C /* PBXContainerItemProxy */;
		};
		492642502CCC202C00C6161C /* PBXTargetDependency */ = {
			isa = PBXTargetDependency;
			target = 492642312CCC202B00C6161C /* WellyBus */;
			targetProxy = 4926424F2CCC202C00C6161C /* PBXContainerItemProxy */;
		};
		4991E7852CD426EB008A0E03 /* PBXTargetDependency */ = {
			isa = PBXTargetDependency;
			target = 4991E7782CD426EA008A0E03 /* WidgetsExtension */;
			targetProxy = 4991E7842CD426EB008A0E03 /* PBXContainerItemProxy */;
		};
/* End PBXTargetDependency section */

/* Begin XCBuildConfiguration section */
		492642562CCC202C00C6161C /* Debug */ = {
			isa = XCBuildConfiguration;
			buildSettings = {
				ALWAYS_SEARCH_USER_PATHS = NO;
				ASSETCATALOG_COMPILER_GENERATE_SWIFT_ASSET_SYMBOL_EXTENSIONS = YES;
				CLANG_ANALYZER_NONNULL = YES;
				CLANG_ANALYZER_NUMBER_OBJECT_CONVERSION = YES_AGGRESSIVE;
				CLANG_CXX_LANGUAGE_STANDARD = "gnu++20";
				CLANG_ENABLE_MODULES = YES;
				CLANG_ENABLE_OBJC_ARC = YES;
				CLANG_ENABLE_OBJC_WEAK = YES;
				CLANG_WARN_BLOCK_CAPTURE_AUTORELEASING = YES;
				CLANG_WARN_BOOL_CONVERSION = YES;
				CLANG_WARN_COMMA = YES;
				CLANG_WARN_CONSTANT_CONVERSION = YES;
				CLANG_WARN_DEPRECATED_OBJC_IMPLEMENTATIONS = YES;
				CLANG_WARN_DIRECT_OBJC_ISA_USAGE = YES_ERROR;
				CLANG_WARN_DOCUMENTATION_COMMENTS = YES;
				CLANG_WARN_EMPTY_BODY = YES;
				CLANG_WARN_ENUM_CONVERSION = YES;
				CLANG_WARN_INFINITE_RECURSION = YES;
				CLANG_WARN_INT_CONVERSION = YES;
				CLANG_WARN_NON_LITERAL_NULL_CONVERSION = YES;
				CLANG_WARN_OBJC_IMPLICIT_RETAIN_SELF = YES;
				CLANG_WARN_OBJC_LITERAL_CONVERSION = YES;
				CLANG_WARN_OBJC_ROOT_CLASS = YES_ERROR;
				CLANG_WARN_QUOTED_INCLUDE_IN_FRAMEWORK_HEADER = YES;
				CLANG_WARN_RANGE_LOOP_ANALYSIS = YES;
				CLANG_WARN_STRICT_PROTOTYPES = YES;
				CLANG_WARN_SUSPICIOUS_MOVE = YES;
				CLANG_WARN_UNGUARDED_AVAILABILITY = YES_AGGRESSIVE;
				CLANG_WARN_UNREACHABLE_CODE = YES;
				CLANG_WARN__DUPLICATE_METHOD_MATCH = YES;
				COPY_PHASE_STRIP = NO;
				DEBUG_INFORMATION_FORMAT = dwarf;
				ENABLE_STRICT_OBJC_MSGSEND = YES;
				ENABLE_TESTABILITY = YES;
				ENABLE_USER_SCRIPT_SANDBOXING = YES;
				GCC_C_LANGUAGE_STANDARD = gnu17;
				GCC_DYNAMIC_NO_PIC = NO;
				GCC_NO_COMMON_BLOCKS = YES;
				GCC_OPTIMIZATION_LEVEL = 0;
				GCC_PREPROCESSOR_DEFINITIONS = (
					"DEBUG=1",
					"$(inherited)",
				);
				GCC_WARN_64_TO_32_BIT_CONVERSION = YES;
				GCC_WARN_ABOUT_RETURN_TYPE = YES_ERROR;
				GCC_WARN_UNDECLARED_SELECTOR = YES;
				GCC_WARN_UNINITIALIZED_AUTOS = YES_AGGRESSIVE;
				GCC_WARN_UNUSED_FUNCTION = YES;
				GCC_WARN_UNUSED_VARIABLE = YES;
				IPHONEOS_DEPLOYMENT_TARGET = 18.0;
				LOCALIZATION_PREFERS_STRING_CATALOGS = YES;
				MTL_ENABLE_DEBUG_INFO = INCLUDE_SOURCE;
				MTL_FAST_MATH = YES;
				ONLY_ACTIVE_ARCH = YES;
				SDKROOT = iphoneos;
				SWIFT_ACTIVE_COMPILATION_CONDITIONS = "DEBUG $(inherited)";
				SWIFT_OPTIMIZATION_LEVEL = "-Onone";
			};
			name = Debug;
		};
		492642572CCC202C00C6161C /* Release */ = {
			isa = XCBuildConfiguration;
			buildSettings = {
				ALWAYS_SEARCH_USER_PATHS = NO;
				ASSETCATALOG_COMPILER_GENERATE_SWIFT_ASSET_SYMBOL_EXTENSIONS = YES;
				CLANG_ANALYZER_NONNULL = YES;
				CLANG_ANALYZER_NUMBER_OBJECT_CONVERSION = YES_AGGRESSIVE;
				CLANG_CXX_LANGUAGE_STANDARD = "gnu++20";
				CLANG_ENABLE_MODULES = YES;
				CLANG_ENABLE_OBJC_ARC = YES;
				CLANG_ENABLE_OBJC_WEAK = YES;
				CLANG_WARN_BLOCK_CAPTURE_AUTORELEASING = YES;
				CLANG_WARN_BOOL_CONVERSION = YES;
				CLANG_WARN_COMMA = YES;
				CLANG_WARN_CONSTANT_CONVERSION = YES;
				CLANG_WARN_DEPRECATED_OBJC_IMPLEMENTATIONS = YES;
				CLANG_WARN_DIRECT_OBJC_ISA_USAGE = YES_ERROR;
				CLANG_WARN_DOCUMENTATION_COMMENTS = YES;
				CLANG_WARN_EMPTY_BODY = YES;
				CLANG_WARN_ENUM_CONVERSION = YES;
				CLANG_WARN_INFINITE_RECURSION = YES;
				CLANG_WARN_INT_CONVERSION = YES;
				CLANG_WARN_NON_LITERAL_NULL_CONVERSION = YES;
				CLANG_WARN_OBJC_IMPLICIT_RETAIN_SELF = YES;
				CLANG_WARN_OBJC_LITERAL_CONVERSION = YES;
				CLANG_WARN_OBJC_ROOT_CLASS = YES_ERROR;
				CLANG_WARN_QUOTED_INCLUDE_IN_FRAMEWORK_HEADER = YES;
				CLANG_WARN_RANGE_LOOP_ANALYSIS = YES;
				CLANG_WARN_STRICT_PROTOTYPES = YES;
				CLANG_WARN_SUSPICIOUS_MOVE = YES;
				CLANG_WARN_UNGUARDED_AVAILABILITY = YES_AGGRESSIVE;
				CLANG_WARN_UNREACHABLE_CODE = YES;
				CLANG_WARN__DUPLICATE_METHOD_MATCH = YES;
				COPY_PHASE_STRIP = NO;
				DEBUG_INFORMATION_FORMAT = "dwarf-with-dsym";
				ENABLE_NS_ASSERTIONS = NO;
				ENABLE_STRICT_OBJC_MSGSEND = YES;
				ENABLE_USER_SCRIPT_SANDBOXING = YES;
				GCC_C_LANGUAGE_STANDARD = gnu17;
				GCC_NO_COMMON_BLOCKS = YES;
				GCC_WARN_64_TO_32_BIT_CONVERSION = YES;
				GCC_WARN_ABOUT_RETURN_TYPE = YES_ERROR;
				GCC_WARN_UNDECLARED_SELECTOR = YES;
				GCC_WARN_UNINITIALIZED_AUTOS = YES_AGGRESSIVE;
				GCC_WARN_UNUSED_FUNCTION = YES;
				GCC_WARN_UNUSED_VARIABLE = YES;
				IPHONEOS_DEPLOYMENT_TARGET = 18.0;
				LOCALIZATION_PREFERS_STRING_CATALOGS = YES;
				MTL_ENABLE_DEBUG_INFO = NO;
				MTL_FAST_MATH = YES;
				SDKROOT = iphoneos;
				SWIFT_COMPILATION_MODE = wholemodule;
				VALIDATE_PRODUCT = YES;
			};
			name = Release;
		};
		492642592CCC202C00C6161C /* Debug */ = {
			isa = XCBuildConfiguration;
			buildSettings = {
				ASSETCATALOG_COMPILER_APPICON_NAME = AppIcon;
				ASSETCATALOG_COMPILER_GLOBAL_ACCENT_COLOR_NAME = AccentColor;
				CODE_SIGN_STYLE = Automatic;
				CURRENT_PROJECT_VERSION = 1;
				DEVELOPMENT_ASSET_PATHS = "\"App/Preview Content\"";
				DEVELOPMENT_TEAM = MN6X7B9EVX;
				ENABLE_PREVIEWS = YES;
				GENERATE_INFOPLIST_FILE = YES;
				INFOPLIST_KEY_CFBundleDisplayName = "Welly Bus";
				INFOPLIST_KEY_LSApplicationCategoryType = "public.app-category.navigation";
				INFOPLIST_KEY_UIApplicationSceneManifest_Generation = YES;
				INFOPLIST_KEY_UIApplicationSupportsIndirectInputEvents = YES;
				INFOPLIST_KEY_UILaunchScreen_Generation = YES;
				INFOPLIST_KEY_UIRequiresFullScreen = NO;
				INFOPLIST_KEY_UIStatusBarStyle = "";
				INFOPLIST_KEY_UISupportedInterfaceOrientations = "UIInterfaceOrientationLandscapeLeft UIInterfaceOrientationLandscapeRight UIInterfaceOrientationPortrait UIInterfaceOrientationPortraitUpsideDown";
				IPHONEOS_DEPLOYMENT_TARGET = 18.0;
				LD_RUNPATH_SEARCH_PATHS = (
					"$(inherited)",
					"@executable_path/Frameworks",
				);
				MARKETING_VERSION = 1.0;
				PRODUCT_BUNDLE_IDENTIFIER = info.eoinkelly.WellyBus;
				PRODUCT_NAME = "$(TARGET_NAME)";
				SUPPORTED_PLATFORMS = "iphoneos iphonesimulator";
				SUPPORTS_MACCATALYST = NO;
				SUPPORTS_XR_DESIGNED_FOR_IPHONE_IPAD = NO;
				SWIFT_EMIT_LOC_STRINGS = YES;
				SWIFT_VERSION = 5.0;
				TARGETED_DEVICE_FAMILY = "1,2";
			};
			name = Debug;
		};
		4926425A2CCC202C00C6161C /* Release */ = {
			isa = XCBuildConfiguration;
			buildSettings = {
				ASSETCATALOG_COMPILER_APPICON_NAME = AppIcon;
				ASSETCATALOG_COMPILER_GLOBAL_ACCENT_COLOR_NAME = AccentColor;
				CODE_SIGN_STYLE = Automatic;
				CURRENT_PROJECT_VERSION = 1;
				DEVELOPMENT_ASSET_PATHS = "\"App/Preview Content\"";
				DEVELOPMENT_TEAM = MN6X7B9EVX;
				ENABLE_PREVIEWS = YES;
				GENERATE_INFOPLIST_FILE = YES;
				INFOPLIST_KEY_CFBundleDisplayName = "Welly Bus";
				INFOPLIST_KEY_LSApplicationCategoryType = "public.app-category.navigation";
				INFOPLIST_KEY_UIApplicationSceneManifest_Generation = YES;
				INFOPLIST_KEY_UIApplicationSupportsIndirectInputEvents = YES;
				INFOPLIST_KEY_UILaunchScreen_Generation = YES;
				INFOPLIST_KEY_UIRequiresFullScreen = NO;
				INFOPLIST_KEY_UIStatusBarStyle = "";
				INFOPLIST_KEY_UISupportedInterfaceOrientations = "UIInterfaceOrientationLandscapeLeft UIInterfaceOrientationLandscapeRight UIInterfaceOrientationPortrait UIInterfaceOrientationPortraitUpsideDown";
				IPHONEOS_DEPLOYMENT_TARGET = 18.0;
				LD_RUNPATH_SEARCH_PATHS = (
					"$(inherited)",
					"@executable_path/Frameworks",
				);
				MARKETING_VERSION = 1.0;
				PRODUCT_BUNDLE_IDENTIFIER = info.eoinkelly.WellyBus;
				PRODUCT_NAME = "$(TARGET_NAME)";
				SUPPORTED_PLATFORMS = "iphoneos iphonesimulator";
				SUPPORTS_MACCATALYST = NO;
				SUPPORTS_XR_DESIGNED_FOR_IPHONE_IPAD = NO;
				SWIFT_EMIT_LOC_STRINGS = YES;
				SWIFT_VERSION = 5.0;
				TARGETED_DEVICE_FAMILY = "1,2";
			};
			name = Release;
		};
		4926425C2CCC202C00C6161C /* Debug */ = {
			isa = XCBuildConfiguration;
			buildSettings = {
				BUNDLE_LOADER = "$(TEST_HOST)";
				CODE_SIGN_STYLE = Automatic;
				CURRENT_PROJECT_VERSION = 1;
				GENERATE_INFOPLIST_FILE = YES;
				IPHONEOS_DEPLOYMENT_TARGET = 18.0;
				MARKETING_VERSION = 1.0;
				PRODUCT_BUNDLE_IDENTIFIER = info.eoinkelly.WellyBusTests;
				PRODUCT_NAME = "$(TARGET_NAME)";
				SUPPORTED_PLATFORMS = "iphoneos iphonesimulator";
				SUPPORTS_MACCATALYST = NO;
				SUPPORTS_XR_DESIGNED_FOR_IPHONE_IPAD = NO;
				SWIFT_EMIT_LOC_STRINGS = NO;
				SWIFT_VERSION = 5.0;
				TARGETED_DEVICE_FAMILY = "1,2";
				TEST_HOST = "$(BUILT_PRODUCTS_DIR)/WellyBus.app/$(BUNDLE_EXECUTABLE_FOLDER_PATH)/WellyBus";
			};
			name = Debug;
		};
		4926425D2CCC202C00C6161C /* Release */ = {
			isa = XCBuildConfiguration;
			buildSettings = {
				BUNDLE_LOADER = "$(TEST_HOST)";
				CODE_SIGN_STYLE = Automatic;
				CURRENT_PROJECT_VERSION = 1;
				GENERATE_INFOPLIST_FILE = YES;
				IPHONEOS_DEPLOYMENT_TARGET = 18.0;
				MARKETING_VERSION = 1.0;
				PRODUCT_BUNDLE_IDENTIFIER = info.eoinkelly.WellyBusTests;
				PRODUCT_NAME = "$(TARGET_NAME)";
				SUPPORTED_PLATFORMS = "iphoneos iphonesimulator";
				SUPPORTS_MACCATALYST = NO;
				SUPPORTS_XR_DESIGNED_FOR_IPHONE_IPAD = NO;
				SWIFT_EMIT_LOC_STRINGS = NO;
				SWIFT_VERSION = 5.0;
				TARGETED_DEVICE_FAMILY = "1,2";
				TEST_HOST = "$(BUILT_PRODUCTS_DIR)/WellyBus.app/$(BUNDLE_EXECUTABLE_FOLDER_PATH)/WellyBus";
			};
			name = Release;
		};
		4926425F2CCC202C00C6161C /* Debug */ = {
			isa = XCBuildConfiguration;
			buildSettings = {
				CODE_SIGN_STYLE = Automatic;
				CURRENT_PROJECT_VERSION = 1;
				GENERATE_INFOPLIST_FILE = YES;
				MARKETING_VERSION = 1.0;
				PRODUCT_BUNDLE_IDENTIFIER = info.eoinkelly.WellyBusUITests;
				PRODUCT_NAME = "$(TARGET_NAME)";
				SUPPORTED_PLATFORMS = "iphoneos iphonesimulator";
				SUPPORTS_MACCATALYST = NO;
				SUPPORTS_XR_DESIGNED_FOR_IPHONE_IPAD = NO;
				SWIFT_EMIT_LOC_STRINGS = NO;
				SWIFT_VERSION = 5.0;
				TARGETED_DEVICE_FAMILY = "1,2";
				TEST_TARGET_NAME = WellyBus;
			};
			name = Debug;
		};
		492642602CCC202C00C6161C /* Release */ = {
			isa = XCBuildConfiguration;
			buildSettings = {
				CODE_SIGN_STYLE = Automatic;
				CURRENT_PROJECT_VERSION = 1;
				GENERATE_INFOPLIST_FILE = YES;
				MARKETING_VERSION = 1.0;
				PRODUCT_BUNDLE_IDENTIFIER = info.eoinkelly.WellyBusUITests;
				PRODUCT_NAME = "$(TARGET_NAME)";
				SUPPORTED_PLATFORMS = "iphoneos iphonesimulator";
				SUPPORTS_MACCATALYST = NO;
				SUPPORTS_XR_DESIGNED_FOR_IPHONE_IPAD = NO;
				SWIFT_EMIT_LOC_STRINGS = NO;
				SWIFT_VERSION = 5.0;
				TARGETED_DEVICE_FAMILY = "1,2";
				TEST_TARGET_NAME = WellyBus;
			};
			name = Release;
		};
		4991E7892CD426EB008A0E03 /* Debug */ = {
			isa = XCBuildConfiguration;
			buildSettings = {
				ASSETCATALOG_COMPILER_GLOBAL_ACCENT_COLOR_NAME = AccentColor;
				ASSETCATALOG_COMPILER_WIDGET_BACKGROUND_COLOR_NAME = WidgetBackground;
				CODE_SIGN_STYLE = Automatic;
				CURRENT_PROJECT_VERSION = 1;
				DEVELOPMENT_TEAM = MN6X7B9EVX;
				GENERATE_INFOPLIST_FILE = YES;
				INFOPLIST_FILE = Widgets/Info.plist;
				INFOPLIST_KEY_CFBundleDisplayName = Widgets;
				INFOPLIST_KEY_NSHumanReadableCopyright = "";
				IPHONEOS_DEPLOYMENT_TARGET = 18.0;
				LD_RUNPATH_SEARCH_PATHS = (
					"$(inherited)",
					"@executable_path/Frameworks",
					"@executable_path/../../Frameworks",
				);
				MARKETING_VERSION = 1.0;
				PRODUCT_BUNDLE_IDENTIFIER = info.eoinkelly.WellyBus.Widgets;
				PRODUCT_NAME = "$(TARGET_NAME)";
				SKIP_INSTALL = YES;
				SWIFT_EMIT_LOC_STRINGS = YES;
				SWIFT_VERSION = 5.0;
				TARGETED_DEVICE_FAMILY = "1,2";
			};
			name = Debug;
		};
		4991E78A2CD426EB008A0E03 /* Release */ = {
			isa = XCBuildConfiguration;
			buildSettings = {
				ASSETCATALOG_COMPILER_GLOBAL_ACCENT_COLOR_NAME = AccentColor;
				ASSETCATALOG_COMPILER_WIDGET_BACKGROUND_COLOR_NAME = WidgetBackground;
				CODE_SIGN_STYLE = Automatic;
				CURRENT_PROJECT_VERSION = 1;
				DEVELOPMENT_TEAM = MN6X7B9EVX;
				GENERATE_INFOPLIST_FILE = YES;
				INFOPLIST_FILE = Widgets/Info.plist;
				INFOPLIST_KEY_CFBundleDisplayName = Widgets;
				INFOPLIST_KEY_NSHumanReadableCopyright = "";
				IPHONEOS_DEPLOYMENT_TARGET = 18.0;
				LD_RUNPATH_SEARCH_PATHS = (
					"$(inherited)",
					"@executable_path/Frameworks",
					"@executable_path/../../Frameworks",
				);
				MARKETING_VERSION = 1.0;
				PRODUCT_BUNDLE_IDENTIFIER = info.eoinkelly.WellyBus.Widgets;
				PRODUCT_NAME = "$(TARGET_NAME)";
				SKIP_INSTALL = YES;
				SWIFT_EMIT_LOC_STRINGS = YES;
				SWIFT_VERSION = 5.0;
				TARGETED_DEVICE_FAMILY = "1,2";
			};
			name = Release;
		};
/* End XCBuildConfiguration section */

/* Begin XCConfigurationList section */
		4926422D2CCC202B00C6161C /* Build configuration list for PBXProject "WellyBus" */ = {
			isa = XCConfigurationList;
			buildConfigurations = (
				492642562CCC202C00C6161C /* Debug */,
				492642572CCC202C00C6161C /* Release */,
			);
			defaultConfigurationIsVisible = 0;
			defaultConfigurationName = Release;
		};
		492642582CCC202C00C6161C /* Build configuration list for PBXNativeTarget "WellyBus" */ = {
			isa = XCConfigurationList;
			buildConfigurations = (
				492642592CCC202C00C6161C /* Debug */,
				4926425A2CCC202C00C6161C /* Release */,
			);
			defaultConfigurationIsVisible = 0;
			defaultConfigurationName = Release;
		};
		4926425B2CCC202C00C6161C /* Build configuration list for PBXNativeTarget "WellyBusTests" */ = {
			isa = XCConfigurationList;
			buildConfigurations = (
				4926425C2CCC202C00C6161C /* Debug */,
				4926425D2CCC202C00C6161C /* Release */,
			);
			defaultConfigurationIsVisible = 0;
			defaultConfigurationName = Release;
		};
		4926425E2CCC202C00C6161C /* Build configuration list for PBXNativeTarget "WellyBusUITests" */ = {
			isa = XCConfigurationList;
			buildConfigurations = (
				4926425F2CCC202C00C6161C /* Debug */,
				492642602CCC202C00C6161C /* Release */,
			);
			defaultConfigurationIsVisible = 0;
			defaultConfigurationName = Release;
		};
		4991E7882CD426EB008A0E03 /* Build configuration list for PBXNativeTarget "WidgetsExtension" */ = {
			isa = XCConfigurationList;
			buildConfigurations = (
				4991E7892CD426EB008A0E03 /* Debug */,
				4991E78A2CD426EB008A0E03 /* Release */,
			);
			defaultConfigurationIsVisible = 0;
			defaultConfigurationName = Release;
		};
/* End XCConfigurationList section */
	};
	rootObject = 4926422A2CCC202B00C6161C /* Project object */;
}
